<?xml version="1.0" encoding="utf-8"?>
<Project ToolsVersion="4.0" xmlns="http://schemas.microsoft.com/developer/msbuild/2003">
  <ItemGroup>
    <Filter Include="源文件">
      <UniqueIdentifier>{4FC737F1-C7A5-4376-A066-2A32D752A2FF}</UniqueIdentifier>
      <Extensions>cpp;c;cc;cxx;def;odl;idl;hpj;bat;asm;asmx</Extensions>
    </Filter>
    <Filter Include="头文件">
      <UniqueIdentifier>{93995380-89BD-4b04-88EB-625FBE52EBFB}</UniqueIdentifier>
      <Extensions>h;hpp;hxx;hm;inl;inc;xsd</Extensions>
    </Filter>
    <Filter Include="资源文件">
      <UniqueIdentifier>{67DA6AB6-F800-4c08-8B7A-83BB121AAD01}</UniqueIdentifier>
      <Extensions>rc;ico;cur;bmp;dlg;rc2;rct;bin;rgs;gif;jpg;jpeg;jpe;resx;tiff;tif;png;wav;mfcribbon-ms</Extensions>
    </Filter>
    <Filter Include="ege">
      <UniqueIdentifier>{66e67764-7d3c-47f1-bd10-e7b42cb47e0a}</UniqueIdentifier>
    </Filter>
  </ItemGroup>
  <ItemGroup>
    <ClCompile Include="..\lpng\adler32.c">
      <Filter>源文件</Filter>
    </ClCompile>
    <ClCompile Include="..\lpng\compress.c">
      <Filter>源文件</Filter>
    </ClCompile>
    <ClCompile Include="..\lpng\crc32.c">
      <Filter>源文件</Filter>
    </ClCompile>
    <ClCompile Include="..\lpng\deflate.c">
      <Filter>源文件</Filter>
    </ClCompile>
    <ClCompile Include="..\lpng\gzclose.c">
      <Filter>源文件</Filter>
    </ClCompile>
    <ClCompile Include="..\lpng\gzlib.c">
      <Filter>源文件</Filter>
    </ClCompile>
    <ClCompile Include="..\lpng\gzread.c">
      <Filter>源文件</Filter>
    </ClCompile>
    <ClCompile Include="..\lpng\gzwrite.c">
      <Filter>源文件</Filter>
    </ClCompile>
    <ClCompile Include="..\lpng\infback.c">
      <Filter>源文件</Filter>
    </ClCompile>
    <ClCompile Include="..\lpng\inffast.c">
      <Filter>源文件</Filter>
    </ClCompile>
    <ClCompile Include="..\lpng\inflate.c">
      <Filter>源文件</Filter>
    </ClCompile>
    <ClCompile Include="..\lpng\inftrees.c">
      <Filter>源文件</Filter>
    </ClCompile>
    <ClCompile Include="..\lpng\png.c">
      <Filter>源文件</Filter>
    </ClCompile>
    <ClCompile Include="..\lpng\pngerror.c">
      <Filter>源文件</Filter>
    </ClCompile>
    <ClCompile Include="..\lpng\pngget.c">
      <Filter>源文件</Filter>
    </ClCompile>
    <ClCompile Include="..\lpng\pngmem.c">
      <Filter>源文件</Filter>
    </ClCompile>
    <ClCompile Include="..\lpng\pngpread.c">
      <Filter>源文件</Filter>
    </ClCompile>
    <ClCompile Include="..\lpng\pngread.c">
      <Filter>源文件</Filter>
    </ClCompile>
    <ClCompile Include="..\lpng\pngrio.c">
      <Filter>源文件</Filter>
    </ClCompile>
    <ClCompile Include="..\lpng\pngrtran.c">
      <Filter>源文件</Filter>
    </ClCompile>
    <ClCompile Include="..\lpng\pngrutil.c">
      <Filter>源文件</Filter>
    </ClCompile>
    <ClCompile Include="..\lpng\pngset.c">
      <Filter>源文件</Filter>
    </ClCompile>
    <ClCompile Include="..\lpng\pngtrans.c">
      <Filter>源文件</Filter>
    </ClCompile>
    <ClCompile Include="..\lpng\pngwio.c">
      <Filter>源文件</Filter>
    </ClCompile>
    <ClCompile Include="..\lpng\pngwrite.c">
      <Filter>源文件</Filter>
    </ClCompile>
    <ClCompile Include="..\lpng\pngwtran.c">
      <Filter>源文件</Filter>
    </ClCompile>
    <ClCompile Include="..\lpng\pngwutil.c">
      <Filter>源文件</Filter>
    </ClCompile>
    <ClCompile Include="..\lpng\trees.c">
      <Filter>源文件</Filter>
    </ClCompile>
    <ClCompile Include="..\lpng\uncompr.c">
      <Filter>源文件</Filter>
    </ClCompile>
    <ClCompile Include="..\lpng\zutil.c">
      <Filter>源文件</Filter>
    </ClCompile>
    <ClCompile Include="..\egegapi.cpp">
      <Filter>ege</Filter>
    </ClCompile>
    <ClCompile Include="..\egecontrolbase.cpp">
      <Filter>ege</Filter>
    </ClCompile>
    <ClCompile Include="..\graphics.cpp">
      <Filter>ege</Filter>
    </ClCompile>
    <ClCompile Include="..\image.cpp">
      <Filter>ege</Filter>
    </ClCompile>
    <ClCompile Include="..\logo.cpp">
      <Filter>ege</Filter>
    </ClCompile>
    <ClCompile Include="..\math.cpp">
      <Filter>ege</Filter>
    </ClCompile>
    <ClCompile Include="..\music.cpp">
      <Filter>ege</Filter>
    </ClCompile>
    <ClCompile Include="..\color.cpp">
      <Filter>ege</Filter>
    </ClCompile>
    <ClCompile Include="..\random.cpp">
      <Filter>ege</Filter>
    </ClCompile>
    <ClCompile Include="tutorial.cpp">
      <Filter>ege</Filter>
    </ClCompile>
  </ItemGroup>
  <ItemGroup>
    <ClInclude Include="..\lpng\crc32.h">
      <Filter>头文件</Filter>
    </ClInclude>
    <ClInclude Include="..\lpng\deflate.h">
      <Filter>头文件</Filter>
    </ClInclude>
    <ClInclude Include="..\lpng\gzguts.h">
      <Filter>头文件</Filter>
    </ClInclude>
    <ClInclude Include="..\lpng\inffast.h">
      <Filter>头文件</Filter>
    </ClInclude>
    <ClInclude Include="..\lpng\inffixed.h">
      <Filter>头文件</Filter>
    </ClInclude>
    <ClInclude Include="..\lpng\inflate.h">
      <Filter>头文件</Filter>
    </ClInclude>
    <ClInclude Include="..\lpng\inftrees.h">
      <Filter>头文件</Filter>
    </ClInclude>
    <ClInclude Include="..\lpng\png.h">
      <Filter>头文件</Filter>
    </ClInclude>
    <ClInclude Include="..\lpng\pngconf.h">
      <Filter>头文件</Filter>
    </ClInclude>
    <ClInclude Include="..\lpng\pngdebug.h">
      <Filter>头文件</Filter>
    </ClInclude>
    <ClInclude Include="..\lpng\pnginfo.h">
      <Filter>头文件</Filter>
    </ClInclude>
    <ClInclude Include="..\lpng\pnglibconf.h">
      <Filter>头文件</Filter>
    </ClInclude>
    <ClInclude Include="..\lpng\pngpriv.h">
      <Filter>头文件</Filter>
    </ClInclude>
    <ClInclude Include="..\lpng\pngstruct.h">
      <Filter>头文件</Filter>
    </ClInclude>
    <ClInclude Include="..\lpng\trees.h">
      <Filter>头文件</Filter>
    </ClInclude>
    <ClInclude Include="..\lpng\zconf.h">
      <Filter>头文件</Filter>
    </ClInclude>
    <ClInclude Include="..\lpng\zlib.h">
      <Filter>头文件</Filter>
    </ClInclude>
    <ClInclude Include="..\lpng\zutil.h">
      <Filter>头文件</Filter>
    </ClInclude>
    <ClInclude Include="..\ege.h">
      <Filter>ege</Filter>
    </ClInclude>
    <ClInclude Include="..\ege_head.h">
      <Filter>ege</Filter>
    </ClInclude>
    <ClInclude Include="..\graphics.h">
      <Filter>ege</Filter>
    </ClInclude>
    <ClInclude Include="..\stdint.h">
      <Filter>ege</Filter>
    </ClInclude>
  </ItemGroup>
</Project>